
Microsoft Visual Studio Solution File, Format Version 12.00
# Visual Studio Version 16
VisualStudioVersion = 16.0.31727.386
MinimumVisualStudioVersion = 10.0.40219.1
Project("{8BC9CEB8-8B4A-11D0-8D11-00A0C91BC942}") = "Inheritance", "Inheritance\Inheritance.vcxproj", "{88E84CC5-6C34-4927-95CE-4CC4A7C3212D}"
EndProject
Project("{8BC9CEB8-8B4A-11D0-8D11-00A0C91BC942}") = "Academy", "Academy\Academy.vcxproj", "{B14CC090-1288-46DA-BA87-9484CC9591E7}"
EndProject
Project("{8BC9CEB8-8B4A-11D0-8D11-00A0C91BC942}") = "AbstractBaseClass", "AbstractBaseClass\AbstractBaseClass.vcxproj", "{6D249313-DD17-4F60-B31B-DF559CEFA5F9}"
EndProject
Project("{8BC9CEB8-8B4A-11D0-8D11-00A0C91BC942}") = "AbstractGeometry", "AbstractGeometry\AbstractGeometry.vcxproj", "{6640714C-31E7-423B-9885-8A765BC12EBF}"
EndProject
Project("{8BC9CEB8-8B4A-11D0-8D11-00A0C91BC942}") = "Threads", "Threads\Threads.vcxproj", "{B0C9FC6E-8EF6-4CED-A53E-0F1DF9AF27A4}"
EndProject
Global
	GlobalSection(SolutionConfigurationPlatforms) = preSolution
		Debug|x64 = Debug|x64
		Debug|x86 = Debug|x86
		Release|x64 = Release|x64
		Release|x86 = Release|x86
	EndGlobalSection
	GlobalSection(ProjectConfigurationPlatforms) = postSolution
		{88E84CC5-6C34-4927-95CE-4CC4A7C3212D}.Debug|x64.ActiveCfg = Debug|x64
		{88E84CC5-6C34-4927-95CE-4CC4A7C3212D}.Debug|x64.Build.0 = Debug|x64
		{88E84CC5-6C34-4927-95CE-4CC4A7C3212D}.Debug|x86.ActiveCfg = Debug|Win32
		{88E84CC5-6C34-4927-95CE-4CC4A7C3212D}.Debug|x86.Build.0 = Debug|Win32
		{88E84CC5-6C34-4927-95CE-4CC4A7C3212D}.Release|x64.ActiveCfg = Release|x64
		{88E84CC5-6C34-4927-95CE-4CC4A7C3212D}.Release|x64.Build.0 = Release|x64
		{88E84CC5-6C34-4927-95CE-4CC4A7C3212D}.Release|x86.ActiveCfg = Release|Win32
		{88E84CC5-6C34-4927-95CE-4CC4A7C3212D}.Release|x86.Build.0 = Release|Win32
		{B14CC090-1288-46DA-BA87-9484CC9591E7}.Debug|x64.ActiveCfg = Debug|x64
		{B14CC090-1288-46DA-BA87-9484CC9591E7}.Debug|x64.Build.0 = Debug|x64
		{B14CC090-1288-46DA-BA87-9484CC9591E7}.Debug|x86.ActiveCfg = Debug|Win32
		{B14CC090-1288-46DA-BA87-9484CC9591E7}.Debug|x86.Build.0 = Debug|Win32
		{B14CC090-1288-46DA-BA87-9484CC9591E7}.Release|x64.ActiveCfg = Release|x64
		{B14CC090-1288-46DA-BA87-9484CC9591E7}.Release|x64.Build.0 = Release|x64
		{B14CC090-1288-46DA-BA87-9484CC9591E7}.Release|x86.ActiveCfg = Release|Win32
		{B14CC090-1288-46DA-BA87-9484CC9591E7}.Release|x86.Build.0 = Release|Win32
		{6D249313-DD17-4F60-B31B-DF559CEFA5F9}.Debug|x64.ActiveCfg = Debug|x64
		{6D249313-DD17-4F60-B31B-DF559CEFA5F9}.Debug|x64.Build.0 = Debug|x64
		{6D249313-DD17-4F60-B31B-DF559CEFA5F9}.Debug|x86.ActiveCfg = Debug|Win32
		{6D249313-DD17-4F60-B31B-DF559CEFA5F9}.Debug|x86.Build.0 = Debug|Win32
		{6D249313-DD17-4F60-B31B-DF559CEFA5F9}.Release|x64.ActiveCfg = Release|x64
		{6D249313-DD17-4F60-B31B-DF559CEFA5F9}.Release|x64.Build.0 = Release|x64
		{6D249313-DD17-4F60-B31B-DF559CEFA5F9}.Release|x86.ActiveCfg = Release|Win32
		{6D249313-DD17-4F60-B31B-DF559CEFA5F9}.Release|x86.Build.0 = Release|Win32
		{6640714C-31E7-423B-9885-8A765BC12EBF}.Debug|x64.ActiveCfg = Debug|x64
		{6640714C-31E7-423B-9885-8A765BC12EBF}.Debug|x64.Build.0 = Debug|x64
		{6640714C-31E7-423B-9885-8A765BC12EBF}.Debug|x86.ActiveCfg = Debug|Win32
		{6640714C-31E7-423B-9885-8A765BC12EBF}.Debug|x86.Build.0 = Debug|Win32
		{6640714C-31E7-423B-9885-8A765BC12EBF}.Release|x64.ActiveCfg = Release|x64
		{6640714C-31E7-423B-9885-8A765BC12EBF}.Release|x64.Build.0 = Release|x64
		{6640714C-31E7-423B-9885-8A765BC12EBF}.Release|x86.ActiveCfg = Release|Win32
		{6640714C-31E7-423B-9885-8A765BC12EBF}.Release|x86.Build.0 = Release|Win32
		{B0C9FC6E-8EF6-4CED-A53E-0F1DF9AF27A4}.Debug|x64.ActiveCfg = Debug|x64
		{B0C9FC6E-8EF6-4CED-A53E-0F1DF9AF27A4}.Debug|x64.Build.0 = Debug|x64
		{B0C9FC6E-8EF6-4CED-A53E-0F1DF9AF27A4}.Debug|x86.ActiveCfg = Debug|Win32
		{B0C9FC6E-8EF6-4CED-A53E-0F1DF9AF27A4}.Debug|x86.Build.0 = Debug|Win32
		{B0C9FC6E-8EF6-4CED-A53E-0F1DF9AF27A4}.Release|x64.ActiveCfg = Release|x64
		{B0C9FC6E-8EF6-4CED-A53E-0F1DF9AF27A4}.Release|x64.Build.0 = Release|x64
		{B0C9FC6E-8EF6-4CED-A53E-0F1DF9AF27A4}.Release|x86.ActiveCfg = Release|Win32
		{B0C9FC6E-8EF6-4CED-A53E-0F1DF9AF27A4}.Release|x86.Build.0 = Release|Win32
	EndGlobalSection
	GlobalSection(SolutionProperties) = preSolution
		HideSolutionNode = FALSE
	EndGlobalSection
	GlobalSection(ExtensibilityGlobals) = postSolution
		SolutionGuid = {4880B33B-4155-4A44-8ED5-A2F91047CC14}
	EndGlobalSection
EndGlobal
